
Microsoft Visual Studio Solution File, Format Version 12.00
# Visual Studio Version 17
VisualStudioVersion = 17.0.31903.59
MinimumVisualStudioVersion = 10.0.40219.1
Project("{2150E333-8FDC-42A3-9474-1A3956D46DE8}") = "src", "src", "{827E0CD3-B72D-47B6-A68D-7590B98EB39B}"
EndProject
Project("{2150E333-8FDC-42A3-9474-1A3956D46DE8}") = "Modules", "Modules", "{EC447DCF-ABFA-6E24-52A5-D7FD48A5C558}"
EndProject
Project("{2150E333-8FDC-42A3-9474-1A3956D46DE8}") = "User", "User", "{A8ADC900-46D5-EF7A-14D7-87DF405217BF}"
EndProject
Project("{FAE04EC0-301F-11D3-BF4B-00C04F79EFBC}") = "User.API", "src\Modules\User\User.API\User.API.csproj", "{648CAF81-9EB6-4B70-A4E5-69BFF6B077E7}"
EndProject
Project("{FAE04EC0-301F-11D3-BF4B-00C04F79EFBC}") = "User.Application", "src\Modules\User\User.Application\User.Application.csproj", "{5147943D-4345-41A7-86BB-9F809A69E0C5}"
EndProject
Project("{FAE04EC0-301F-11D3-BF4B-00C04F79EFBC}") = "User.Domain", "src\Modules\User\User.Domain\User.Domain.csproj", "{E4CE1C89-2700-48A5-A251-6468BFCD048F}"
EndProject
Project("{FAE04EC0-301F-11D3-BF4B-00C04F79EFBC}") = "User.Infrastructure", "src\Modules\User\User.Infrastructure\User.Infrastructure.csproj", "{63AFB7C0-349D-4C90-8242-66F86983D976}"
EndProject
Project("{2150E333-8FDC-42A3-9474-1A3956D46DE8}") = "Menu", "Menu", "{34DA1ADA-0EB9-3932-CD3C-7A1D53F770F1}"
EndProject
Project("{FAE04EC0-301F-11D3-BF4B-00C04F79EFBC}") = "Menu.API", "src\Modules\Menu\Menu.API\Menu.API.csproj", "{9520D583-EE02-4934-82B6-60CF297FD83B}"
EndProject
Project("{FAE04EC0-301F-11D3-BF4B-00C04F79EFBC}") = "Menu.Application", "src\Modules\Menu\Menu.Application\Menu.Application.csproj", "{47EB5AE8-D716-447C-8016-D36818C08180}"
EndProject
Project("{FAE04EC0-301F-11D3-BF4B-00C04F79EFBC}") = "Menu.Domain", "src\Modules\Menu\Menu.Domain\Menu.Domain.csproj", "{4F8316E5-9292-43A7-BDEA-A9C2E06EF912}"
EndProject
Project("{FAE04EC0-301F-11D3-BF4B-00C04F79EFBC}") = "Menu.Infrastructure", "src\Modules\Menu\Menu.Infrastructure\Menu.Infrastructure.csproj", "{D2575ACB-2006-4DAA-AE7C-89431945BB91}"
EndProject
Project("{2150E333-8FDC-42A3-9474-1A3956D46DE8}") = "Order", "Order", "{2C821288-5B9D-778E-74EE-053FE87F223E}"
EndProject
Project("{FAE04EC0-301F-11D3-BF4B-00C04F79EFBC}") = "Order.API", "src\Modules\Order\Order.API\Order.API.csproj", "{5C711673-57DD-4372-9C31-122206E8CDF0}"
EndProject
Project("{FAE04EC0-301F-11D3-BF4B-00C04F79EFBC}") = "Order.Application", "src\Modules\Order\Order.Application\Order.Application.csproj", "{817E83C1-754F-4007-AC75-363A57A0ABA2}"
EndProject
Project("{FAE04EC0-301F-11D3-BF4B-00C04F79EFBC}") = "Order.Domain", "src\Modules\Order\Order.Domain\Order.Domain.csproj", "{33F62B6E-8A3B-464F-9982-84DFAC3D59E7}"
EndProject
Project("{FAE04EC0-301F-11D3-BF4B-00C04F79EFBC}") = "Order.Infrastructure", "src\Modules\Order\Order.Infrastructure\Order.Infrastructure.csproj", "{171FBD5E-5828-438F-8070-617013CB9F72}"
EndProject
Project("{2150E333-8FDC-42A3-9474-1A3956D46DE8}") = "Loyalty", "Loyalty", "{02539813-8C53-8640-B1D8-EB7EED272C7A}"
EndProject
Project("{FAE04EC0-301F-11D3-BF4B-00C04F79EFBC}") = "Loyalty.API", "src\Modules\Loyalty\Loyalty.API\Loyalty.API.csproj", "{B8E3B8E9-6696-4C43-8FE0-2E3692C3F70D}"
EndProject
Project("{FAE04EC0-301F-11D3-BF4B-00C04F79EFBC}") = "Loyalty.Application", "src\Modules\Loyalty\Loyalty.Application\Loyalty.Application.csproj", "{D14161E7-6496-4136-A781-68B4D6083E37}"
EndProject
Project("{FAE04EC0-301F-11D3-BF4B-00C04F79EFBC}") = "Loyalty.Domain", "src\Modules\Loyalty\Loyalty.Domain\Loyalty.Domain.csproj", "{DD50D7F0-C04D-43E1-AA29-2D26BE3EE368}"
EndProject
Project("{FAE04EC0-301F-11D3-BF4B-00C04F79EFBC}") = "Loyalty.Infrastructure", "src\Modules\Loyalty\Loyalty.Infrastructure\Loyalty.Infrastructure.csproj", "{23AC48D2-0B5A-4460-B7EE-6D7776BBE8C1}"
EndProject
Project("{2150E333-8FDC-42A3-9474-1A3956D46DE8}") = "Pickup", "Pickup", "{EA0C4DD4-BF7C-7CCF-E624-97E0B7F67D24}"
EndProject
Project("{FAE04EC0-301F-11D3-BF4B-00C04F79EFBC}") = "Pickup.API", "src\Modules\Pickup\Pickup.API\Pickup.API.csproj", "{15E63730-B5D9-4DBA-B7E1-819145F76A21}"
EndProject
Project("{FAE04EC0-301F-11D3-BF4B-00C04F79EFBC}") = "Pickup.Application", "src\Modules\Pickup\Pickup.Application\Pickup.Application.csproj", "{76F6C716-82E9-4DBE-BB17-289211BADE18}"
EndProject
Project("{FAE04EC0-301F-11D3-BF4B-00C04F79EFBC}") = "Pickup.Domain", "src\Modules\Pickup\Pickup.Domain\Pickup.Domain.csproj", "{3A164BE3-0EE6-4C7E-9B01-FBDB0354D699}"
EndProject
Project("{FAE04EC0-301F-11D3-BF4B-00C04F79EFBC}") = "Pickup.Infrastructure", "src\Modules\Pickup\Pickup.Infrastructure\Pickup.Infrastructure.csproj", "{5A7E58C7-00D0-4E95-937C-1CDAE5AA69C1}"
EndProject
Project("{2150E333-8FDC-42A3-9474-1A3956D46DE8}") = "Notification", "Notification", "{4F8133DB-A301-0A1E-3DDE-929E67CC9B96}"
EndProject
Project("{FAE04EC0-301F-11D3-BF4B-00C04F79EFBC}") = "Notification.Application", "src\Modules\Notification\Notification.Application\Notification.Application.csproj", "{6F9280D8-B2F9-4CA0-B40A-917369B7AE26}"
EndProject
Project("{FAE04EC0-301F-11D3-BF4B-00C04F79EFBC}") = "Notification.Infrastructure", "src\Modules\Notification\Notification.Infrastructure\Notification.Infrastructure.csproj", "{9137EEEB-0076-4A47-BA6E-2A3598F1C170}"
EndProject
Project("{FAE04EC0-301F-11D3-BF4B-00C04F79EFBC}") = "SharedKernel", "src\SharedKernel\SharedKernel.csproj", "{97BC1D10-AD12-40E7-BDA9-B38AD1893F54}"
EndProject
Project("{FAE04EC0-301F-11D3-BF4B-00C04F79EFBC}") = "BuildingBlocks", "src\BuildingBlocks\BuildingBlocks.csproj", "{6CC94960-D39B-4FD8-A549-D59D885CF91B}"
EndProject
Project("{FAE04EC0-301F-11D3-BF4B-00C04F79EFBC}") = "WebApi", "src\WebApi\WebApi.csproj", "{483563FF-C133-49DE-B35A-50A7B9D8E04B}"
EndProject
Project("{2150E333-8FDC-42A3-9474-1A3956D46DE8}") = "tests", "tests", "{0AB3BF05-4346-4AA6-1389-037BE0695223}"
EndProject
Project("{FAE04EC0-301F-11D3-BF4B-00C04F79EFBC}") = "User.Tests.Unit", "tests\User.Tests.Unit\User.Tests.Unit.csproj", "{2B61869F-D864-4E36-B6C8-1CF59C600783}"
EndProject
Project("{FAE04EC0-301F-11D3-BF4B-00C04F79EFBC}") = "User.Tests.Integration", "tests\User.Tests.Integration\User.Tests.Integration.csproj", "{812A0351-ED59-4DDD-A238-51042DB6D9F6}"
EndProject
Project("{FAE04EC0-301F-11D3-BF4B-00C04F79EFBC}") = "Menu.Tests.Unit", "tests\Menu.Tests.Unit\Menu.Tests.Unit.csproj", "{F9913356-A8BC-4158-AB0E-BE2FCCC5FB68}"
EndProject
Project("{FAE04EC0-301F-11D3-BF4B-00C04F79EFBC}") = "Menu.Tests.Integration", "tests\Menu.Tests.Integration\Menu.Tests.Integration.csproj", "{922A475D-4A88-4D2F-8582-91000D9984BC}"
EndProject
Project("{FAE04EC0-301F-11D3-BF4B-00C04F79EFBC}") = "Order.Tests.Unit", "tests\Order.Tests.Unit\Order.Tests.Unit.csproj", "{427EF66D-FC25-49DA-8C58-CFB88E0D0240}"
EndProject
Project("{FAE04EC0-301F-11D3-BF4B-00C04F79EFBC}") = "Order.Tests.Integration", "tests\Order.Tests.Integration\Order.Tests.Integration.csproj", "{2809700A-1FE1-456E-8C42-60E858F2C928}"
EndProject
Project("{FAE04EC0-301F-11D3-BF4B-00C04F79EFBC}") = "Loyalty.Tests.Unit", "tests\Loyalty.Tests.Unit\Loyalty.Tests.Unit.csproj", "{140545F8-F57C-4D5A-AA7D-AAACA9AE6DAE}"
EndProject
Project("{FAE04EC0-301F-11D3-BF4B-00C04F79EFBC}") = "Loyalty.Tests.Integration", "tests\Loyalty.Tests.Integration\Loyalty.Tests.Integration.csproj", "{D686BA8C-1110-43BB-83BF-8D1FD50A8CCE}"
EndProject
Project("{FAE04EC0-301F-11D3-BF4B-00C04F79EFBC}") = "Pickup.Tests.Unit", "tests\Pickup.Tests.Unit\Pickup.Tests.Unit.csproj", "{B7B2AA4E-0332-465D-891A-4E17FF80250A}"
EndProject
Project("{FAE04EC0-301F-11D3-BF4B-00C04F79EFBC}") = "Pickup.Tests.Integration", "tests\Pickup.Tests.Integration\Pickup.Tests.Integration.csproj", "{C8F6F690-251A-45A0-8A0E-3225B16F34F4}"
EndProject
Project("{FAE04EC0-301F-11D3-BF4B-00C04F79EFBC}") = "Notification.Tests.Unit", "tests\Notification.Tests.Unit\Notification.Tests.Unit.csproj", "{EA183FA4-2CA1-429E-A78F-D87C362FE7C6}"
EndProject
Project("{FAE04EC0-301F-11D3-BF4B-00C04F79EFBC}") = "Notification.Tests.Integration", "tests\Notification.Tests.Integration\Notification.Tests.Integration.csproj", "{0B8AE884-CE80-40B3-9957-DEED5B5EE106}"
EndProject
Global
	GlobalSection(SolutionConfigurationPlatforms) = preSolution
		Debug|Any CPU = Debug|Any CPU
		Debug|x64 = Debug|x64
		Debug|x86 = Debug|x86
		Release|Any CPU = Release|Any CPU
		Release|x64 = Release|x64
		Release|x86 = Release|x86
	EndGlobalSection
	GlobalSection(ProjectConfigurationPlatforms) = postSolution
		{648CAF81-9EB6-4B70-A4E5-69BFF6B077E7}.Debug|Any CPU.ActiveCfg = Debug|Any CPU
		{648CAF81-9EB6-4B70-A4E5-69BFF6B077E7}.Debug|Any CPU.Build.0 = Debug|Any CPU
		{648CAF81-9EB6-4B70-A4E5-69BFF6B077E7}.Debug|x64.ActiveCfg = Debug|Any CPU
		{648CAF81-9EB6-4B70-A4E5-69BFF6B077E7}.Debug|x64.Build.0 = Debug|Any CPU
		{648CAF81-9EB6-4B70-A4E5-69BFF6B077E7}.Debug|x86.ActiveCfg = Debug|Any CPU
		{648CAF81-9EB6-4B70-A4E5-69BFF6B077E7}.Debug|x86.Build.0 = Debug|Any CPU
		{648CAF81-9EB6-4B70-A4E5-69BFF6B077E7}.Release|Any CPU.ActiveCfg = Release|Any CPU
		{648CAF81-9EB6-4B70-A4E5-69BFF6B077E7}.Release|Any CPU.Build.0 = Release|Any CPU
		{648CAF81-9EB6-4B70-A4E5-69BFF6B077E7}.Release|x64.ActiveCfg = Release|Any CPU
		{648CAF81-9EB6-4B70-A4E5-69BFF6B077E7}.Release|x64.Build.0 = Release|Any CPU
		{648CAF81-9EB6-4B70-A4E5-69BFF6B077E7}.Release|x86.ActiveCfg = Release|Any CPU
		{648CAF81-9EB6-4B70-A4E5-69BFF6B077E7}.Release|x86.Build.0 = Release|Any CPU
		{5147943D-4345-41A7-86BB-9F809A69E0C5}.Debug|Any CPU.ActiveCfg = Debug|Any CPU
		{5147943D-4345-41A7-86BB-9F809A69E0C5}.Debug|Any CPU.Build.0 = Debug|Any CPU
		{5147943D-4345-41A7-86BB-9F809A69E0C5}.Debug|x64.ActiveCfg = Debug|Any CPU
		{5147943D-4345-41A7-86BB-9F809A69E0C5}.Debug|x64.Build.0 = Debug|Any CPU
		{5147943D-4345-41A7-86BB-9F809A69E0C5}.Debug|x86.ActiveCfg = Debug|Any CPU
		{5147943D-4345-41A7-86BB-9F809A69E0C5}.Debug|x86.Build.0 = Debug|Any CPU
		{5147943D-4345-41A7-86BB-9F809A69E0C5}.Release|Any CPU.ActiveCfg = Release|Any CPU
		{5147943D-4345-41A7-86BB-9F809A69E0C5}.Release|Any CPU.Build.0 = Release|Any CPU
		{5147943D-4345-41A7-86BB-9F809A69E0C5}.Release|x64.ActiveCfg = Release|Any CPU
		{5147943D-4345-41A7-86BB-9F809A69E0C5}.Release|x64.Build.0 = Release|Any CPU
		{5147943D-4345-41A7-86BB-9F809A69E0C5}.Release|x86.ActiveCfg = Release|Any CPU
		{5147943D-4345-41A7-86BB-9F809A69E0C5}.Release|x86.Build.0 = Release|Any CPU
		{E4CE1C89-2700-48A5-A251-6468BFCD048F}.Debug|Any CPU.ActiveCfg = Debug|Any CPU
		{E4CE1C89-2700-48A5-A251-6468BFCD048F}.Debug|Any CPU.Build.0 = Debug|Any CPU
		{E4CE1C89-2700-48A5-A251-6468BFCD048F}.Debug|x64.ActiveCfg = Debug|Any CPU
		{E4CE1C89-2700-48A5-A251-6468BFCD048F}.Debug|x64.Build.0 = Debug|Any CPU
		{E4CE1C89-2700-48A5-A251-6468BFCD048F}.Debug|x86.ActiveCfg = Debug|Any CPU
		{E4CE1C89-2700-48A5-A251-6468BFCD048F}.Debug|x86.Build.0 = Debug|Any CPU
		{E4CE1C89-2700-48A5-A251-6468BFCD048F}.Release|Any CPU.ActiveCfg = Release|Any CPU
		{E4CE1C89-2700-48A5-A251-6468BFCD048F}.Release|Any CPU.Build.0 = Release|Any CPU
		{E4CE1C89-2700-48A5-A251-6468BFCD048F}.Release|x64.ActiveCfg = Release|Any CPU
		{E4CE1C89-2700-48A5-A251-6468BFCD048F}.Release|x64.Build.0 = Release|Any CPU
		{E4CE1C89-2700-48A5-A251-6468BFCD048F}.Release|x86.ActiveCfg = Release|Any CPU
		{E4CE1C89-2700-48A5-A251-6468BFCD048F}.Release|x86.Build.0 = Release|Any CPU
		{63AFB7C0-349D-4C90-8242-66F86983D976}.Debug|Any CPU.ActiveCfg = Debug|Any CPU
		{63AFB7C0-349D-4C90-8242-66F86983D976}.Debug|Any CPU.Build.0 = Debug|Any CPU
		{63AFB7C0-349D-4C90-8242-66F86983D976}.Debug|x64.ActiveCfg = Debug|Any CPU
		{63AFB7C0-349D-4C90-8242-66F86983D976}.Debug|x64.Build.0 = Debug|Any CPU
		{63AFB7C0-349D-4C90-8242-66F86983D976}.Debug|x86.ActiveCfg = Debug|Any CPU
		{63AFB7C0-349D-4C90-8242-66F86983D976}.Debug|x86.Build.0 = Debug|Any CPU
		{63AFB7C0-349D-4C90-8242-66F86983D976}.Release|Any CPU.ActiveCfg = Release|Any CPU
		{63AFB7C0-349D-4C90-8242-66F86983D976}.Release|Any CPU.Build.0 = Release|Any CPU
		{63AFB7C0-349D-4C90-8242-66F86983D976}.Release|x64.ActiveCfg = Release|Any CPU
		{63AFB7C0-349D-4C90-8242-66F86983D976}.Release|x64.Build.0 = Release|Any CPU
		{63AFB7C0-349D-4C90-8242-66F86983D976}.Release|x86.ActiveCfg = Release|Any CPU
		{63AFB7C0-349D-4C90-8242-66F86983D976}.Release|x86.Build.0 = Release|Any CPU
		{9520D583-EE02-4934-82B6-60CF297FD83B}.Debug|Any CPU.ActiveCfg = Debug|Any CPU
		{9520D583-EE02-4934-82B6-60CF297FD83B}.Debug|Any CPU.Build.0 = Debug|Any CPU
		{9520D583-EE02-4934-82B6-60CF297FD83B}.Debug|x64.ActiveCfg = Debug|Any CPU
		{9520D583-EE02-4934-82B6-60CF297FD83B}.Debug|x64.Build.0 = Debug|Any CPU
		{9520D583-EE02-4934-82B6-60CF297FD83B}.Debug|x86.ActiveCfg = Debug|Any CPU
		{9520D583-EE02-4934-82B6-60CF297FD83B}.Debug|x86.Build.0 = Debug|Any CPU
		{9520D583-EE02-4934-82B6-60CF297FD83B}.Release|Any CPU.ActiveCfg = Release|Any CPU
		{9520D583-EE02-4934-82B6-60CF297FD83B}.Release|Any CPU.Build.0 = Release|Any CPU
		{9520D583-EE02-4934-82B6-60CF297FD83B}.Release|x64.ActiveCfg = Release|Any CPU
		{9520D583-EE02-4934-82B6-60CF297FD83B}.Release|x64.Build.0 = Release|Any CPU
		{9520D583-EE02-4934-82B6-60CF297FD83B}.Release|x86.ActiveCfg = Release|Any CPU
		{9520D583-EE02-4934-82B6-60CF297FD83B}.Release|x86.Build.0 = Release|Any CPU
		{47EB5AE8-D716-447C-8016-D36818C08180}.Debug|Any CPU.ActiveCfg = Debug|Any CPU
		{47EB5AE8-D716-447C-8016-D36818C08180}.Debug|Any CPU.Build.0 = Debug|Any CPU
		{47EB5AE8-D716-447C-8016-D36818C08180}.Debug|x64.ActiveCfg = Debug|Any CPU
		{47EB5AE8-D716-447C-8016-D36818C08180}.Debug|x64.Build.0 = Debug|Any CPU
		{47EB5AE8-D716-447C-8016-D36818C08180}.Debug|x86.ActiveCfg = Debug|Any CPU
		{47EB5AE8-D716-447C-8016-D36818C08180}.Debug|x86.Build.0 = Debug|Any CPU
		{47EB5AE8-D716-447C-8016-D36818C08180}.Release|Any CPU.ActiveCfg = Release|Any CPU
		{47EB5AE8-D716-447C-8016-D36818C08180}.Release|Any CPU.Build.0 = Release|Any CPU
		{47EB5AE8-D716-447C-8016-D36818C08180}.Release|x64.ActiveCfg = Release|Any CPU
		{47EB5AE8-D716-447C-8016-D36818C08180}.Release|x64.Build.0 = Release|Any CPU
		{47EB5AE8-D716-447C-8016-D36818C08180}.Release|x86.ActiveCfg = Release|Any CPU
		{47EB5AE8-D716-447C-8016-D36818C08180}.Release|x86.Build.0 = Release|Any CPU
		{4F8316E5-9292-43A7-BDEA-A9C2E06EF912}.Debug|Any CPU.ActiveCfg = Debug|Any CPU
		{4F8316E5-9292-43A7-BDEA-A9C2E06EF912}.Debug|Any CPU.Build.0 = Debug|Any CPU
		{4F8316E5-9292-43A7-BDEA-A9C2E06EF912}.Debug|x64.ActiveCfg = Debug|Any CPU
		{4F8316E5-9292-43A7-BDEA-A9C2E06EF912}.Debug|x64.Build.0 = Debug|Any CPU
		{4F8316E5-9292-43A7-BDEA-A9C2E06EF912}.Debug|x86.ActiveCfg = Debug|Any CPU
		{4F8316E5-9292-43A7-BDEA-A9C2E06EF912}.Debug|x86.Build.0 = Debug|Any CPU
		{4F8316E5-9292-43A7-BDEA-A9C2E06EF912}.Release|Any CPU.ActiveCfg = Release|Any CPU
		{4F8316E5-9292-43A7-BDEA-A9C2E06EF912}.Release|Any CPU.Build.0 = Release|Any CPU
		{4F8316E5-9292-43A7-BDEA-A9C2E06EF912}.Release|x64.ActiveCfg = Release|Any CPU
		{4F8316E5-9292-43A7-BDEA-A9C2E06EF912}.Release|x64.Build.0 = Release|Any CPU
		{4F8316E5-9292-43A7-BDEA-A9C2E06EF912}.Release|x86.ActiveCfg = Release|Any CPU
		{4F8316E5-9292-43A7-BDEA-A9C2E06EF912}.Release|x86.Build.0 = Release|Any CPU
		{D2575ACB-2006-4DAA-AE7C-89431945BB91}.Debug|Any CPU.ActiveCfg = Debug|Any CPU
		{D2575ACB-2006-4DAA-AE7C-89431945BB91}.Debug|Any CPU.Build.0 = Debug|Any CPU
		{D2575ACB-2006-4DAA-AE7C-89431945BB91}.Debug|x64.ActiveCfg = Debug|Any CPU
		{D2575ACB-2006-4DAA-AE7C-89431945BB91}.Debug|x64.Build.0 = Debug|Any CPU
		{D2575ACB-2006-4DAA-AE7C-89431945BB91}.Debug|x86.ActiveCfg = Debug|Any CPU
		{D2575ACB-2006-4DAA-AE7C-89431945BB91}.Debug|x86.Build.0 = Debug|Any CPU
		{D2575ACB-2006-4DAA-AE7C-89431945BB91}.Release|Any CPU.ActiveCfg = Release|Any CPU
		{D2575ACB-2006-4DAA-AE7C-89431945BB91}.Release|Any CPU.Build.0 = Release|Any CPU
		{D2575ACB-2006-4DAA-AE7C-89431945BB91}.Release|x64.ActiveCfg = Release|Any CPU
		{D2575ACB-2006-4DAA-AE7C-89431945BB91}.Release|x64.Build.0 = Release|Any CPU
		{D2575ACB-2006-4DAA-AE7C-89431945BB91}.Release|x86.ActiveCfg = Release|Any CPU
		{D2575ACB-2006-4DAA-AE7C-89431945BB91}.Release|x86.Build.0 = Release|Any CPU
		{5C711673-57DD-4372-9C31-122206E8CDF0}.Debug|Any CPU.ActiveCfg = Debug|Any CPU
		{5C711673-57DD-4372-9C31-122206E8CDF0}.Debug|Any CPU.Build.0 = Debug|Any CPU
		{5C711673-57DD-4372-9C31-122206E8CDF0}.Debug|x64.ActiveCfg = Debug|Any CPU
		{5C711673-57DD-4372-9C31-122206E8CDF0}.Debug|x64.Build.0 = Debug|Any CPU
		{5C711673-57DD-4372-9C31-122206E8CDF0}.Debug|x86.ActiveCfg = Debug|Any CPU
		{5C711673-57DD-4372-9C31-122206E8CDF0}.Debug|x86.Build.0 = Debug|Any CPU
		{5C711673-57DD-4372-9C31-122206E8CDF0}.Release|Any CPU.ActiveCfg = Release|Any CPU
		{5C711673-57DD-4372-9C31-122206E8CDF0}.Release|Any CPU.Build.0 = Release|Any CPU
		{5C711673-57DD-4372-9C31-122206E8CDF0}.Release|x64.ActiveCfg = Release|Any CPU
		{5C711673-57DD-4372-9C31-122206E8CDF0}.Release|x64.Build.0 = Release|Any CPU
		{5C711673-57DD-4372-9C31-122206E8CDF0}.Release|x86.ActiveCfg = Release|Any CPU
		{5C711673-57DD-4372-9C31-122206E8CDF0}.Release|x86.Build.0 = Release|Any CPU
		{817E83C1-754F-4007-AC75-363A57A0ABA2}.Debug|Any CPU.ActiveCfg = Debug|Any CPU
		{817E83C1-754F-4007-AC75-363A57A0ABA2}.Debug|Any CPU.Build.0 = Debug|Any CPU
		{817E83C1-754F-4007-AC75-363A57A0ABA2}.Debug|x64.ActiveCfg = Debug|Any CPU
		{817E83C1-754F-4007-AC75-363A57A0ABA2}.Debug|x64.Build.0 = Debug|Any CPU
		{817E83C1-754F-4007-AC75-363A57A0ABA2}.Debug|x86.ActiveCfg = Debug|Any CPU
		{817E83C1-754F-4007-AC75-363A57A0ABA2}.Debug|x86.Build.0 = Debug|Any CPU
		{817E83C1-754F-4007-AC75-363A57A0ABA2}.Release|Any CPU.ActiveCfg = Release|Any CPU
		{817E83C1-754F-4007-AC75-363A57A0ABA2}.Release|Any CPU.Build.0 = Release|Any CPU
		{817E83C1-754F-4007-AC75-363A57A0ABA2}.Release|x64.ActiveCfg = Release|Any CPU
		{817E83C1-754F-4007-AC75-363A57A0ABA2}.Release|x64.Build.0 = Release|Any CPU
		{817E83C1-754F-4007-AC75-363A57A0ABA2}.Release|x86.ActiveCfg = Release|Any CPU
		{817E83C1-754F-4007-AC75-363A57A0ABA2}.Release|x86.Build.0 = Release|Any CPU
		{33F62B6E-8A3B-464F-9982-84DFAC3D59E7}.Debug|Any CPU.ActiveCfg = Debug|Any CPU
		{33F62B6E-8A3B-464F-9982-84DFAC3D59E7}.Debug|Any CPU.Build.0 = Debug|Any CPU
		{33F62B6E-8A3B-464F-9982-84DFAC3D59E7}.Debug|x64.ActiveCfg = Debug|Any CPU
		{33F62B6E-8A3B-464F-9982-84DFAC3D59E7}.Debug|x64.Build.0 = Debug|Any CPU
		{33F62B6E-8A3B-464F-9982-84DFAC3D59E7}.Debug|x86.ActiveCfg = Debug|Any CPU
		{33F62B6E-8A3B-464F-9982-84DFAC3D59E7}.Debug|x86.Build.0 = Debug|Any CPU
		{33F62B6E-8A3B-464F-9982-84DFAC3D59E7}.Release|Any CPU.ActiveCfg = Release|Any CPU
		{33F62B6E-8A3B-464F-9982-84DFAC3D59E7}.Release|Any CPU.Build.0 = Release|Any CPU
		{33F62B6E-8A3B-464F-9982-84DFAC3D59E7}.Release|x64.ActiveCfg = Release|Any CPU
		{33F62B6E-8A3B-464F-9982-84DFAC3D59E7}.Release|x64.Build.0 = Release|Any CPU
		{33F62B6E-8A3B-464F-9982-84DFAC3D59E7}.Release|x86.ActiveCfg = Release|Any CPU
		{33F62B6E-8A3B-464F-9982-84DFAC3D59E7}.Release|x86.Build.0 = Release|Any CPU
		{171FBD5E-5828-438F-8070-617013CB9F72}.Debug|Any CPU.ActiveCfg = Debug|Any CPU
		{171FBD5E-5828-438F-8070-617013CB9F72}.Debug|Any CPU.Build.0 = Debug|Any CPU
		{171FBD5E-5828-438F-8070-617013CB9F72}.Debug|x64.ActiveCfg = Debug|Any CPU
		{171FBD5E-5828-438F-8070-617013CB9F72}.Debug|x64.Build.0 = Debug|Any CPU
		{171FBD5E-5828-438F-8070-617013CB9F72}.Debug|x86.ActiveCfg = Debug|Any CPU
		{171FBD5E-5828-438F-8070-617013CB9F72}.Debug|x86.Build.0 = Debug|Any CPU
		{171FBD5E-5828-438F-8070-617013CB9F72}.Release|Any CPU.ActiveCfg = Release|Any CPU
		{171FBD5E-5828-438F-8070-617013CB9F72}.Release|Any CPU.Build.0 = Release|Any CPU
		{171FBD5E-5828-438F-8070-617013CB9F72}.Release|x64.ActiveCfg = Release|Any CPU
		{171FBD5E-5828-438F-8070-617013CB9F72}.Release|x64.Build.0 = Release|Any CPU
		{171FBD5E-5828-438F-8070-617013CB9F72}.Release|x86.ActiveCfg = Release|Any CPU
		{171FBD5E-5828-438F-8070-617013CB9F72}.Release|x86.Build.0 = Release|Any CPU
		{B8E3B8E9-6696-4C43-8FE0-2E3692C3F70D}.Debug|Any CPU.ActiveCfg = Debug|Any CPU
		{B8E3B8E9-6696-4C43-8FE0-2E3692C3F70D}.Debug|Any CPU.Build.0 = Debug|Any CPU
		{B8E3B8E9-6696-4C43-8FE0-2E3692C3F70D}.Debug|x64.ActiveCfg = Debug|Any CPU
		{B8E3B8E9-6696-4C43-8FE0-2E3692C3F70D}.Debug|x64.Build.0 = Debug|Any CPU
		{B8E3B8E9-6696-4C43-8FE0-2E3692C3F70D}.Debug|x86.ActiveCfg = Debug|Any CPU
		{B8E3B8E9-6696-4C43-8FE0-2E3692C3F70D}.Debug|x86.Build.0 = Debug|Any CPU
		{B8E3B8E9-6696-4C43-8FE0-2E3692C3F70D}.Release|Any CPU.ActiveCfg = Release|Any CPU
		{B8E3B8E9-6696-4C43-8FE0-2E3692C3F70D}.Release|Any CPU.Build.0 = Release|Any CPU
		{B8E3B8E9-6696-4C43-8FE0-2E3692C3F70D}.Release|x64.ActiveCfg = Release|Any CPU
		{B8E3B8E9-6696-4C43-8FE0-2E3692C3F70D}.Release|x64.Build.0 = Release|Any CPU
		{B8E3B8E9-6696-4C43-8FE0-2E3692C3F70D}.Release|x86.ActiveCfg = Release|Any CPU
		{B8E3B8E9-6696-4C43-8FE0-2E3692C3F70D}.Release|x86.Build.0 = Release|Any CPU
		{D14161E7-6496-4136-A781-68B4D6083E37}.Debug|Any CPU.ActiveCfg = Debug|Any CPU
		{D14161E7-6496-4136-A781-68B4D6083E37}.Debug|Any CPU.Build.0 = Debug|Any CPU
		{D14161E7-6496-4136-A781-68B4D6083E37}.Debug|x64.ActiveCfg = Debug|Any CPU
		{D14161E7-6496-4136-A781-68B4D6083E37}.Debug|x64.Build.0 = Debug|Any CPU
		{D14161E7-6496-4136-A781-68B4D6083E37}.Debug|x86.ActiveCfg = Debug|Any CPU
		{D14161E7-6496-4136-A781-68B4D6083E37}.Debug|x86.Build.0 = Debug|Any CPU
		{D14161E7-6496-4136-A781-68B4D6083E37}.Release|Any CPU.ActiveCfg = Release|Any CPU
		{D14161E7-6496-4136-A781-68B4D6083E37}.Release|Any CPU.Build.0 = Release|Any CPU
		{D14161E7-6496-4136-A781-68B4D6083E37}.Release|x64.ActiveCfg = Release|Any CPU
		{D14161E7-6496-4136-A781-68B4D6083E37}.Release|x64.Build.0 = Release|Any CPU
		{D14161E7-6496-4136-A781-68B4D6083E37}.Release|x86.ActiveCfg = Release|Any CPU
		{D14161E7-6496-4136-A781-68B4D6083E37}.Release|x86.Build.0 = Release|Any CPU
		{DD50D7F0-C04D-43E1-AA29-2D26BE3EE368}.Debug|Any CPU.ActiveCfg = Debug|Any CPU
		{DD50D7F0-C04D-43E1-AA29-2D26BE3EE368}.Debug|Any CPU.Build.0 = Debug|Any CPU
		{DD50D7F0-C04D-43E1-AA29-2D26BE3EE368}.Debug|x64.ActiveCfg = Debug|Any CPU
		{DD50D7F0-C04D-43E1-AA29-2D26BE3EE368}.Debug|x64.Build.0 = Debug|Any CPU
		{DD50D7F0-C04D-43E1-AA29-2D26BE3EE368}.Debug|x86.ActiveCfg = Debug|Any CPU
		{DD50D7F0-C04D-43E1-AA29-2D26BE3EE368}.Debug|x86.Build.0 = Debug|Any CPU
		{DD50D7F0-C04D-43E1-AA29-2D26BE3EE368}.Release|Any CPU.ActiveCfg = Release|Any CPU
		{DD50D7F0-C04D-43E1-AA29-2D26BE3EE368}.Release|Any CPU.Build.0 = Release|Any CPU
		{DD50D7F0-C04D-43E1-AA29-2D26BE3EE368}.Release|x64.ActiveCfg = Release|Any CPU
		{DD50D7F0-C04D-43E1-AA29-2D26BE3EE368}.Release|x64.Build.0 = Release|Any CPU
		{DD50D7F0-C04D-43E1-AA29-2D26BE3EE368}.Release|x86.ActiveCfg = Release|Any CPU
		{DD50D7F0-C04D-43E1-AA29-2D26BE3EE368}.Release|x86.Build.0 = Release|Any CPU
		{23AC48D2-0B5A-4460-B7EE-6D7776BBE8C1}.Debug|Any CPU.ActiveCfg = Debug|Any CPU
		{23AC48D2-0B5A-4460-B7EE-6D7776BBE8C1}.Debug|Any CPU.Build.0 = Debug|Any CPU
		{23AC48D2-0B5A-4460-B7EE-6D7776BBE8C1}.Debug|x64.ActiveCfg = Debug|Any CPU
		{23AC48D2-0B5A-4460-B7EE-6D7776BBE8C1}.Debug|x64.Build.0 = Debug|Any CPU
		{23AC48D2-0B5A-4460-B7EE-6D7776BBE8C1}.Debug|x86.ActiveCfg = Debug|Any CPU
		{23AC48D2-0B5A-4460-B7EE-6D7776BBE8C1}.Debug|x86.Build.0 = Debug|Any CPU
		{23AC48D2-0B5A-4460-B7EE-6D7776BBE8C1}.Release|Any CPU.ActiveCfg = Release|Any CPU
		{23AC48D2-0B5A-4460-B7EE-6D7776BBE8C1}.Release|Any CPU.Build.0 = Release|Any CPU
		{23AC48D2-0B5A-4460-B7EE-6D7776BBE8C1}.Release|x64.ActiveCfg = Release|Any CPU
		{23AC48D2-0B5A-4460-B7EE-6D7776BBE8C1}.Release|x64.Build.0 = Release|Any CPU
		{23AC48D2-0B5A-4460-B7EE-6D7776BBE8C1}.Release|x86.ActiveCfg = Release|Any CPU
		{23AC48D2-0B5A-4460-B7EE-6D7776BBE8C1}.Release|x86.Build.0 = Release|Any CPU
		{15E63730-B5D9-4DBA-B7E1-819145F76A21}.Debug|Any CPU.ActiveCfg = Debug|Any CPU
		{15E63730-B5D9-4DBA-B7E1-819145F76A21}.Debug|Any CPU.Build.0 = Debug|Any CPU
		{15E63730-B5D9-4DBA-B7E1-819145F76A21}.Debug|x64.ActiveCfg = Debug|Any CPU
		{15E63730-B5D9-4DBA-B7E1-819145F76A21}.Debug|x64.Build.0 = Debug|Any CPU
		{15E63730-B5D9-4DBA-B7E1-819145F76A21}.Debug|x86.ActiveCfg = Debug|Any CPU
		{15E63730-B5D9-4DBA-B7E1-819145F76A21}.Debug|x86.Build.0 = Debug|Any CPU
		{15E63730-B5D9-4DBA-B7E1-819145F76A21}.Release|Any CPU.ActiveCfg = Release|Any CPU
		{15E63730-B5D9-4DBA-B7E1-819145F76A21}.Release|Any CPU.Build.0 = Release|Any CPU
		{15E63730-B5D9-4DBA-B7E1-819145F76A21}.Release|x64.ActiveCfg = Release|Any CPU
		{15E63730-B5D9-4DBA-B7E1-819145F76A21}.Release|x64.Build.0 = Release|Any CPU
		{15E63730-B5D9-4DBA-B7E1-819145F76A21}.Release|x86.ActiveCfg = Release|Any CPU
		{15E63730-B5D9-4DBA-B7E1-819145F76A21}.Release|x86.Build.0 = Release|Any CPU
		{76F6C716-82E9-4DBE-BB17-289211BADE18}.Debug|Any CPU.ActiveCfg = Debug|Any CPU
		{76F6C716-82E9-4DBE-BB17-289211BADE18}.Debug|Any CPU.Build.0 = Debug|Any CPU
		{76F6C716-82E9-4DBE-BB17-289211BADE18}.Debug|x64.ActiveCfg = Debug|Any CPU
		{76F6C716-82E9-4DBE-BB17-289211BADE18}.Debug|x64.Build.0 = Debug|Any CPU
		{76F6C716-82E9-4DBE-BB17-289211BADE18}.Debug|x86.ActiveCfg = Debug|Any CPU
		{76F6C716-82E9-4DBE-BB17-289211BADE18}.Debug|x86.Build.0 = Debug|Any CPU
		{76F6C716-82E9-4DBE-BB17-289211BADE18}.Release|Any CPU.ActiveCfg = Release|Any CPU
		{76F6C716-82E9-4DBE-BB17-289211BADE18}.Release|Any CPU.Build.0 = Release|Any CPU
		{76F6C716-82E9-4DBE-BB17-289211BADE18}.Release|x64.ActiveCfg = Release|Any CPU
		{76F6C716-82E9-4DBE-BB17-289211BADE18}.Release|x64.Build.0 = Release|Any CPU
		{76F6C716-82E9-4DBE-BB17-289211BADE18}.Release|x86.ActiveCfg = Release|Any CPU
		{76F6C716-82E9-4DBE-BB17-289211BADE18}.Release|x86.Build.0 = Release|Any CPU
		{3A164BE3-0EE6-4C7E-9B01-FBDB0354D699}.Debug|Any CPU.ActiveCfg = Debug|Any CPU
		{3A164BE3-0EE6-4C7E-9B01-FBDB0354D699}.Debug|Any CPU.Build.0 = Debug|Any CPU
		{3A164BE3-0EE6-4C7E-9B01-FBDB0354D699}.Debug|x64.ActiveCfg = Debug|Any CPU
		{3A164BE3-0EE6-4C7E-9B01-FBDB0354D699}.Debug|x64.Build.0 = Debug|Any CPU
		{3A164BE3-0EE6-4C7E-9B01-FBDB0354D699}.Debug|x86.ActiveCfg = Debug|Any CPU
		{3A164BE3-0EE6-4C7E-9B01-FBDB0354D699}.Debug|x86.Build.0 = Debug|Any CPU
		{3A164BE3-0EE6-4C7E-9B01-FBDB0354D699}.Release|Any CPU.ActiveCfg = Release|Any CPU
		{3A164BE3-0EE6-4C7E-9B01-FBDB0354D699}.Release|Any CPU.Build.0 = Release|Any CPU
		{3A164BE3-0EE6-4C7E-9B01-FBDB0354D699}.Release|x64.ActiveCfg = Release|Any CPU
		{3A164BE3-0EE6-4C7E-9B01-FBDB0354D699}.Release|x64.Build.0 = Release|Any CPU
		{3A164BE3-0EE6-4C7E-9B01-FBDB0354D699}.Release|x86.ActiveCfg = Release|Any CPU
		{3A164BE3-0EE6-4C7E-9B01-FBDB0354D699}.Release|x86.Build.0 = Release|Any CPU
		{5A7E58C7-00D0-4E95-937C-1CDAE5AA69C1}.Debug|Any CPU.ActiveCfg = Debug|Any CPU
		{5A7E58C7-00D0-4E95-937C-1CDAE5AA69C1}.Debug|Any CPU.Build.0 = Debug|Any CPU
		{5A7E58C7-00D0-4E95-937C-1CDAE5AA69C1}.Debug|x64.ActiveCfg = Debug|Any CPU
		{5A7E58C7-00D0-4E95-937C-1CDAE5AA69C1}.Debug|x64.Build.0 = Debug|Any CPU
		{5A7E58C7-00D0-4E95-937C-1CDAE5AA69C1}.Debug|x86.ActiveCfg = Debug|Any CPU
		{5A7E58C7-00D0-4E95-937C-1CDAE5AA69C1}.Debug|x86.Build.0 = Debug|Any CPU
		{5A7E58C7-00D0-4E95-937C-1CDAE5AA69C1}.Release|Any CPU.ActiveCfg = Release|Any CPU
		{5A7E58C7-00D0-4E95-937C-1CDAE5AA69C1}.Release|Any CPU.Build.0 = Release|Any CPU
		{5A7E58C7-00D0-4E95-937C-1CDAE5AA69C1}.Release|x64.ActiveCfg = Release|Any CPU
		{5A7E58C7-00D0-4E95-937C-1CDAE5AA69C1}.Release|x64.Build.0 = Release|Any CPU
		{5A7E58C7-00D0-4E95-937C-1CDAE5AA69C1}.Release|x86.ActiveCfg = Release|Any CPU
		{5A7E58C7-00D0-4E95-937C-1CDAE5AA69C1}.Release|x86.Build.0 = Release|Any CPU
		{6F9280D8-B2F9-4CA0-B40A-917369B7AE26}.Debug|Any CPU.ActiveCfg = Debug|Any CPU
		{6F9280D8-B2F9-4CA0-B40A-917369B7AE26}.Debug|Any CPU.Build.0 = Debug|Any CPU
		{6F9280D8-B2F9-4CA0-B40A-917369B7AE26}.Debug|x64.ActiveCfg = Debug|Any CPU
		{6F9280D8-B2F9-4CA0-B40A-917369B7AE26}.Debug|x64.Build.0 = Debug|Any CPU
		{6F9280D8-B2F9-4CA0-B40A-917369B7AE26}.Debug|x86.ActiveCfg = Debug|Any CPU
		{6F9280D8-B2F9-4CA0-B40A-917369B7AE26}.Debug|x86.Build.0 = Debug|Any CPU
		{6F9280D8-B2F9-4CA0-B40A-917369B7AE26}.Release|Any CPU.ActiveCfg = Release|Any CPU
		{6F9280D8-B2F9-4CA0-B40A-917369B7AE26}.Release|Any CPU.Build.0 = Release|Any CPU
		{6F9280D8-B2F9-4CA0-B40A-917369B7AE26}.Release|x64.ActiveCfg = Release|Any CPU
		{6F9280D8-B2F9-4CA0-B40A-917369B7AE26}.Release|x64.Build.0 = Release|Any CPU
		{6F9280D8-B2F9-4CA0-B40A-917369B7AE26}.Release|x86.ActiveCfg = Release|Any CPU
		{6F9280D8-B2F9-4CA0-B40A-917369B7AE26}.Release|x86.Build.0 = Release|Any CPU
		{9137EEEB-0076-4A47-BA6E-2A3598F1C170}.Debug|Any CPU.ActiveCfg = Debug|Any CPU
		{9137EEEB-0076-4A47-BA6E-2A3598F1C170}.Debug|Any CPU.Build.0 = Debug|Any CPU
		{9137EEEB-0076-4A47-BA6E-2A3598F1C170}.Debug|x64.ActiveCfg = Debug|Any CPU
		{9137EEEB-0076-4A47-BA6E-2A3598F1C170}.Debug|x64.Build.0 = Debug|Any CPU
		{9137EEEB-0076-4A47-BA6E-2A3598F1C170}.Debug|x86.ActiveCfg = Debug|Any CPU
		{9137EEEB-0076-4A47-BA6E-2A3598F1C170}.Debug|x86.Build.0 = Debug|Any CPU
		{9137EEEB-0076-4A47-BA6E-2A3598F1C170}.Release|Any CPU.ActiveCfg = Release|Any CPU
		{9137EEEB-0076-4A47-BA6E-2A3598F1C170}.Release|Any CPU.Build.0 = Release|Any CPU
		{9137EEEB-0076-4A47-BA6E-2A3598F1C170}.Release|x64.ActiveCfg = Release|Any CPU
		{9137EEEB-0076-4A47-BA6E-2A3598F1C170}.Release|x64.Build.0 = Release|Any CPU
		{9137EEEB-0076-4A47-BA6E-2A3598F1C170}.Release|x86.ActiveCfg = Release|Any CPU
		{9137EEEB-0076-4A47-BA6E-2A3598F1C170}.Release|x86.Build.0 = Release|Any CPU
		{97BC1D10-AD12-40E7-BDA9-B38AD1893F54}.Debug|Any CPU.ActiveCfg = Debug|Any CPU
		{97BC1D10-AD12-40E7-BDA9-B38AD1893F54}.Debug|Any CPU.Build.0 = Debug|Any CPU
		{97BC1D10-AD12-40E7-BDA9-B38AD1893F54}.Debug|x64.ActiveCfg = Debug|Any CPU
		{97BC1D10-AD12-40E7-BDA9-B38AD1893F54}.Debug|x64.Build.0 = Debug|Any CPU
		{97BC1D10-AD12-40E7-BDA9-B38AD1893F54}.Debug|x86.ActiveCfg = Debug|Any CPU
		{97BC1D10-AD12-40E7-BDA9-B38AD1893F54}.Debug|x86.Build.0 = Debug|Any CPU
		{97BC1D10-AD12-40E7-BDA9-B38AD1893F54}.Release|Any CPU.ActiveCfg = Release|Any CPU
		{97BC1D10-AD12-40E7-BDA9-B38AD1893F54}.Release|Any CPU.Build.0 = Release|Any CPU
		{97BC1D10-AD12-40E7-BDA9-B38AD1893F54}.Release|x64.ActiveCfg = Release|Any CPU
		{97BC1D10-AD12-40E7-BDA9-B38AD1893F54}.Release|x64.Build.0 = Release|Any CPU
		{97BC1D10-AD12-40E7-BDA9-B38AD1893F54}.Release|x86.ActiveCfg = Release|Any CPU
		{97BC1D10-AD12-40E7-BDA9-B38AD1893F54}.Release|x86.Build.0 = Release|Any CPU
		{6CC94960-D39B-4FD8-A549-D59D885CF91B}.Debug|Any CPU.ActiveCfg = Debug|Any CPU
		{6CC94960-D39B-4FD8-A549-D59D885CF91B}.Debug|Any CPU.Build.0 = Debug|Any CPU
		{6CC94960-D39B-4FD8-A549-D59D885CF91B}.Debug|x64.ActiveCfg = Debug|Any CPU
		{6CC94960-D39B-4FD8-A549-D59D885CF91B}.Debug|x64.Build.0 = Debug|Any CPU
		{6CC94960-D39B-4FD8-A549-D59D885CF91B}.Debug|x86.ActiveCfg = Debug|Any CPU
		{6CC94960-D39B-4FD8-A549-D59D885CF91B}.Debug|x86.Build.0 = Debug|Any CPU
		{6CC94960-D39B-4FD8-A549-D59D885CF91B}.Release|Any CPU.ActiveCfg = Release|Any CPU
		{6CC94960-D39B-4FD8-A549-D59D885CF91B}.Release|Any CPU.Build.0 = Release|Any CPU
		{6CC94960-D39B-4FD8-A549-D59D885CF91B}.Release|x64.ActiveCfg = Release|Any CPU
		{6CC94960-D39B-4FD8-A549-D59D885CF91B}.Release|x64.Build.0 = Release|Any CPU
		{6CC94960-D39B-4FD8-A549-D59D885CF91B}.Release|x86.ActiveCfg = Release|Any CPU
		{6CC94960-D39B-4FD8-A549-D59D885CF91B}.Release|x86.Build.0 = Release|Any CPU
		{483563FF-C133-49DE-B35A-50A7B9D8E04B}.Debug|Any CPU.ActiveCfg = Debug|Any CPU
		{483563FF-C133-49DE-B35A-50A7B9D8E04B}.Debug|Any CPU.Build.0 = Debug|Any CPU
		{483563FF-C133-49DE-B35A-50A7B9D8E04B}.Debug|x64.ActiveCfg = Debug|Any CPU
		{483563FF-C133-49DE-B35A-50A7B9D8E04B}.Debug|x64.Build.0 = Debug|Any CPU
		{483563FF-C133-49DE-B35A-50A7B9D8E04B}.Debug|x86.ActiveCfg = Debug|Any CPU
		{483563FF-C133-49DE-B35A-50A7B9D8E04B}.Debug|x86.Build.0 = Debug|Any CPU
		{483563FF-C133-49DE-B35A-50A7B9D8E04B}.Release|Any CPU.ActiveCfg = Release|Any CPU
		{483563FF-C133-49DE-B35A-50A7B9D8E04B}.Release|Any CPU.Build.0 = Release|Any CPU
		{483563FF-C133-49DE-B35A-50A7B9D8E04B}.Release|x64.ActiveCfg = Release|Any CPU
		{483563FF-C133-49DE-B35A-50A7B9D8E04B}.Release|x64.Build.0 = Release|Any CPU
		{483563FF-C133-49DE-B35A-50A7B9D8E04B}.Release|x86.ActiveCfg = Release|Any CPU
		{483563FF-C133-49DE-B35A-50A7B9D8E04B}.Release|x86.Build.0 = Release|Any CPU
		{2B61869F-D864-4E36-B6C8-1CF59C600783}.Debug|Any CPU.ActiveCfg = Debug|Any CPU
		{2B61869F-D864-4E36-B6C8-1CF59C600783}.Debug|Any CPU.Build.0 = Debug|Any CPU
		{2B61869F-D864-4E36-B6C8-1CF59C600783}.Debug|x64.ActiveCfg = Debug|Any CPU
		{2B61869F-D864-4E36-B6C8-1CF59C600783}.Debug|x64.Build.0 = Debug|Any CPU
		{2B61869F-D864-4E36-B6C8-1CF59C600783}.Debug|x86.ActiveCfg = Debug|Any CPU
		{2B61869F-D864-4E36-B6C8-1CF59C600783}.Debug|x86.Build.0 = Debug|Any CPU
		{2B61869F-D864-4E36-B6C8-1CF59C600783}.Release|Any CPU.ActiveCfg = Release|Any CPU
		{2B61869F-D864-4E36-B6C8-1CF59C600783}.Release|Any CPU.Build.0 = Release|Any CPU
		{2B61869F-D864-4E36-B6C8-1CF59C600783}.Release|x64.ActiveCfg = Release|Any CPU
		{2B61869F-D864-4E36-B6C8-1CF59C600783}.Release|x64.Build.0 = Release|Any CPU
		{2B61869F-D864-4E36-B6C8-1CF59C600783}.Release|x86.ActiveCfg = Release|Any CPU
		{2B61869F-D864-4E36-B6C8-1CF59C600783}.Release|x86.Build.0 = Release|Any CPU
		{812A0351-ED59-4DDD-A238-51042DB6D9F6}.Debug|Any CPU.ActiveCfg = Debug|Any CPU
		{812A0351-ED59-4DDD-A238-51042DB6D9F6}.Debug|Any CPU.Build.0 = Debug|Any CPU
		{812A0351-ED59-4DDD-A238-51042DB6D9F6}.Debug|x64.ActiveCfg = Debug|Any CPU
		{812A0351-ED59-4DDD-A238-51042DB6D9F6}.Debug|x64.Build.0 = Debug|Any CPU
		{812A0351-ED59-4DDD-A238-51042DB6D9F6}.Debug|x86.ActiveCfg = Debug|Any CPU
		{812A0351-ED59-4DDD-A238-51042DB6D9F6}.Debug|x86.Build.0 = Debug|Any CPU
		{812A0351-ED59-4DDD-A238-51042DB6D9F6}.Release|Any CPU.ActiveCfg = Release|Any CPU
		{812A0351-ED59-4DDD-A238-51042DB6D9F6}.Release|Any CPU.Build.0 = Release|Any CPU
		{812A0351-ED59-4DDD-A238-51042DB6D9F6}.Release|x64.ActiveCfg = Release|Any CPU
		{812A0351-ED59-4DDD-A238-51042DB6D9F6}.Release|x64.Build.0 = Release|Any CPU
		{812A0351-ED59-4DDD-A238-51042DB6D9F6}.Release|x86.ActiveCfg = Release|Any CPU
		{812A0351-ED59-4DDD-A238-51042DB6D9F6}.Release|x86.Build.0 = Release|Any CPU
		{F9913356-A8BC-4158-AB0E-BE2FCCC5FB68}.Debug|Any CPU.ActiveCfg = Debug|Any CPU
		{F9913356-A8BC-4158-AB0E-BE2FCCC5FB68}.Debug|Any CPU.Build.0 = Debug|Any CPU
		{F9913356-A8BC-4158-AB0E-BE2FCCC5FB68}.Debug|x64.ActiveCfg = Debug|Any CPU
		{F9913356-A8BC-4158-AB0E-BE2FCCC5FB68}.Debug|x64.Build.0 = Debug|Any CPU
		{F9913356-A8BC-4158-AB0E-BE2FCCC5FB68}.Debug|x86.ActiveCfg = Debug|Any CPU
		{F9913356-A8BC-4158-AB0E-BE2FCCC5FB68}.Debug|x86.Build.0 = Debug|Any CPU
		{F9913356-A8BC-4158-AB0E-BE2FCCC5FB68}.Release|Any CPU.ActiveCfg = Release|Any CPU
		{F9913356-A8BC-4158-AB0E-BE2FCCC5FB68}.Release|Any CPU.Build.0 = Release|Any CPU
		{F9913356-A8BC-4158-AB0E-BE2FCCC5FB68}.Release|x64.ActiveCfg = Release|Any CPU
		{F9913356-A8BC-4158-AB0E-BE2FCCC5FB68}.Release|x64.Build.0 = Release|Any CPU
		{F9913356-A8BC-4158-AB0E-BE2FCCC5FB68}.Release|x86.ActiveCfg = Release|Any CPU
		{F9913356-A8BC-4158-AB0E-BE2FCCC5FB68}.Release|x86.Build.0 = Release|Any CPU
		{922A475D-4A88-4D2F-8582-91000D9984BC}.Debug|Any CPU.ActiveCfg = Debug|Any CPU
		{922A475D-4A88-4D2F-8582-91000D9984BC}.Debug|Any CPU.Build.0 = Debug|Any CPU
		{922A475D-4A88-4D2F-8582-91000D9984BC}.Debug|x64.ActiveCfg = Debug|Any CPU
		{922A475D-4A88-4D2F-8582-91000D9984BC}.Debug|x64.Build.0 = Debug|Any CPU
		{922A475D-4A88-4D2F-8582-91000D9984BC}.Debug|x86.ActiveCfg = Debug|Any CPU
		{922A475D-4A88-4D2F-8582-91000D9984BC}.Debug|x86.Build.0 = Debug|Any CPU
		{922A475D-4A88-4D2F-8582-91000D9984BC}.Release|Any CPU.ActiveCfg = Release|Any CPU
		{922A475D-4A88-4D2F-8582-91000D9984BC}.Release|Any CPU.Build.0 = Release|Any CPU
		{922A475D-4A88-4D2F-8582-91000D9984BC}.Release|x64.ActiveCfg = Release|Any CPU
		{922A475D-4A88-4D2F-8582-91000D9984BC}.Release|x64.Build.0 = Release|Any CPU
		{922A475D-4A88-4D2F-8582-91000D9984BC}.Release|x86.ActiveCfg = Release|Any CPU
		{922A475D-4A88-4D2F-8582-91000D9984BC}.Release|x86.Build.0 = Release|Any CPU
		{427EF66D-FC25-49DA-8C58-CFB88E0D0240}.Debug|Any CPU.ActiveCfg = Debug|Any CPU
		{427EF66D-FC25-49DA-8C58-CFB88E0D0240}.Debug|Any CPU.Build.0 = Debug|Any CPU
		{427EF66D-FC25-49DA-8C58-CFB88E0D0240}.Debug|x64.ActiveCfg = Debug|Any CPU
		{427EF66D-FC25-49DA-8C58-CFB88E0D0240}.Debug|x64.Build.0 = Debug|Any CPU
		{427EF66D-FC25-49DA-8C58-CFB88E0D0240}.Debug|x86.ActiveCfg = Debug|Any CPU
		{427EF66D-FC25-49DA-8C58-CFB88E0D0240}.Debug|x86.Build.0 = Debug|Any CPU
		{427EF66D-FC25-49DA-8C58-CFB88E0D0240}.Release|Any CPU.ActiveCfg = Release|Any CPU
		{427EF66D-FC25-49DA-8C58-CFB88E0D0240}.Release|Any CPU.Build.0 = Release|Any CPU
		{427EF66D-FC25-49DA-8C58-CFB88E0D0240}.Release|x64.ActiveCfg = Release|Any CPU
		{427EF66D-FC25-49DA-8C58-CFB88E0D0240}.Release|x64.Build.0 = Release|Any CPU
		{427EF66D-FC25-49DA-8C58-CFB88E0D0240}.Release|x86.ActiveCfg = Release|Any CPU
		{427EF66D-FC25-49DA-8C58-CFB88E0D0240}.Release|x86.Build.0 = Release|Any CPU
		{2809700A-1FE1-456E-8C42-60E858F2C928}.Debug|Any CPU.ActiveCfg = Debug|Any CPU
		{2809700A-1FE1-456E-8C42-60E858F2C928}.Debug|Any CPU.Build.0 = Debug|Any CPU
		{2809700A-1FE1-456E-8C42-60E858F2C928}.Debug|x64.ActiveCfg = Debug|Any CPU
		{2809700A-1FE1-456E-8C42-60E858F2C928}.Debug|x64.Build.0 = Debug|Any CPU
		{2809700A-1FE1-456E-8C42-60E858F2C928}.Debug|x86.ActiveCfg = Debug|Any CPU
		{2809700A-1FE1-456E-8C42-60E858F2C928}.Debug|x86.Build.0 = Debug|Any CPU
		{2809700A-1FE1-456E-8C42-60E858F2C928}.Release|Any CPU.ActiveCfg = Release|Any CPU
		{2809700A-1FE1-456E-8C42-60E858F2C928}.Release|Any CPU.Build.0 = Release|Any CPU
		{2809700A-1FE1-456E-8C42-60E858F2C928}.Release|x64.ActiveCfg = Release|Any CPU
		{2809700A-1FE1-456E-8C42-60E858F2C928}.Release|x64.Build.0 = Release|Any CPU
		{2809700A-1FE1-456E-8C42-60E858F2C928}.Release|x86.ActiveCfg = Release|Any CPU
		{2809700A-1FE1-456E-8C42-60E858F2C928}.Release|x86.Build.0 = Release|Any CPU
		{140545F8-F57C-4D5A-AA7D-AAACA9AE6DAE}.Debug|Any CPU.ActiveCfg = Debug|Any CPU
		{140545F8-F57C-4D5A-AA7D-AAACA9AE6DAE}.Debug|Any CPU.Build.0 = Debug|Any CPU
		{140545F8-F57C-4D5A-AA7D-AAACA9AE6DAE}.Debug|x64.ActiveCfg = Debug|Any CPU
		{140545F8-F57C-4D5A-AA7D-AAACA9AE6DAE}.Debug|x64.Build.0 = Debug|Any CPU
		{140545F8-F57C-4D5A-AA7D-AAACA9AE6DAE}.Debug|x86.ActiveCfg = Debug|Any CPU
		{140545F8-F57C-4D5A-AA7D-AAACA9AE6DAE}.Debug|x86.Build.0 = Debug|Any CPU
		{140545F8-F57C-4D5A-AA7D-AAACA9AE6DAE}.Release|Any CPU.ActiveCfg = Release|Any CPU
		{140545F8-F57C-4D5A-AA7D-AAACA9AE6DAE}.Release|Any CPU.Build.0 = Release|Any CPU
		{140545F8-F57C-4D5A-AA7D-AAACA9AE6DAE}.Release|x64.ActiveCfg = Release|Any CPU
		{140545F8-F57C-4D5A-AA7D-AAACA9AE6DAE}.Release|x64.Build.0 = Release|Any CPU
		{140545F8-F57C-4D5A-AA7D-AAACA9AE6DAE}.Release|x86.ActiveCfg = Release|Any CPU
		{140545F8-F57C-4D5A-AA7D-AAACA9AE6DAE}.Release|x86.Build.0 = Release|Any CPU
		{D686BA8C-1110-43BB-83BF-8D1FD50A8CCE}.Debug|Any CPU.ActiveCfg = Debug|Any CPU
		{D686BA8C-1110-43BB-83BF-8D1FD50A8CCE}.Debug|Any CPU.Build.0 = Debug|Any CPU
		{D686BA8C-1110-43BB-83BF-8D1FD50A8CCE}.Debug|x64.ActiveCfg = Debug|Any CPU
		{D686BA8C-1110-43BB-83BF-8D1FD50A8CCE}.Debug|x64.Build.0 = Debug|Any CPU
		{D686BA8C-1110-43BB-83BF-8D1FD50A8CCE}.Debug|x86.ActiveCfg = Debug|Any CPU
		{D686BA8C-1110-43BB-83BF-8D1FD50A8CCE}.Debug|x86.Build.0 = Debug|Any CPU
		{D686BA8C-1110-43BB-83BF-8D1FD50A8CCE}.Release|Any CPU.ActiveCfg = Release|Any CPU
		{D686BA8C-1110-43BB-83BF-8D1FD50A8CCE}.Release|Any CPU.Build.0 = Release|Any CPU
		{D686BA8C-1110-43BB-83BF-8D1FD50A8CCE}.Release|x64.ActiveCfg = Release|Any CPU
		{D686BA8C-1110-43BB-83BF-8D1FD50A8CCE}.Release|x64.Build.0 = Release|Any CPU
		{D686BA8C-1110-43BB-83BF-8D1FD50A8CCE}.Release|x86.ActiveCfg = Release|Any CPU
		{D686BA8C-1110-43BB-83BF-8D1FD50A8CCE}.Release|x86.Build.0 = Release|Any CPU
		{B7B2AA4E-0332-465D-891A-4E17FF80250A}.Debug|Any CPU.ActiveCfg = Debug|Any CPU
		{B7B2AA4E-0332-465D-891A-4E17FF80250A}.Debug|Any CPU.Build.0 = Debug|Any CPU
		{B7B2AA4E-0332-465D-891A-4E17FF80250A}.Debug|x64.ActiveCfg = Debug|Any CPU
		{B7B2AA4E-0332-465D-891A-4E17FF80250A}.Debug|x64.Build.0 = Debug|Any CPU
		{B7B2AA4E-0332-465D-891A-4E17FF80250A}.Debug|x86.ActiveCfg = Debug|Any CPU
		{B7B2AA4E-0332-465D-891A-4E17FF80250A}.Debug|x86.Build.0 = Debug|Any CPU
		{B7B2AA4E-0332-465D-891A-4E17FF80250A}.Release|Any CPU.ActiveCfg = Release|Any CPU
		{B7B2AA4E-0332-465D-891A-4E17FF80250A}.Release|Any CPU.Build.0 = Release|Any CPU
		{B7B2AA4E-0332-465D-891A-4E17FF80250A}.Release|x64.ActiveCfg = Release|Any CPU
		{B7B2AA4E-0332-465D-891A-4E17FF80250A}.Release|x64.Build.0 = Release|Any CPU
		{B7B2AA4E-0332-465D-891A-4E17FF80250A}.Release|x86.ActiveCfg = Release|Any CPU
		{B7B2AA4E-0332-465D-891A-4E17FF80250A}.Release|x86.Build.0 = Release|Any CPU
		{C8F6F690-251A-45A0-8A0E-3225B16F34F4}.Debug|Any CPU.ActiveCfg = Debug|Any CPU
		{C8F6F690-251A-45A0-8A0E-3225B16F34F4}.Debug|Any CPU.Build.0 = Debug|Any CPU
		{C8F6F690-251A-45A0-8A0E-3225B16F34F4}.Debug|x64.ActiveCfg = Debug|Any CPU
		{C8F6F690-251A-45A0-8A0E-3225B16F34F4}.Debug|x64.Build.0 = Debug|Any CPU
		{C8F6F690-251A-45A0-8A0E-3225B16F34F4}.Debug|x86.ActiveCfg = Debug|Any CPU
		{C8F6F690-251A-45A0-8A0E-3225B16F34F4}.Debug|x86.Build.0 = Debug|Any CPU
		{C8F6F690-251A-45A0-8A0E-3225B16F34F4}.Release|Any CPU.ActiveCfg = Release|Any CPU
		{C8F6F690-251A-45A0-8A0E-3225B16F34F4}.Release|Any CPU.Build.0 = Release|Any CPU
		{C8F6F690-251A-45A0-8A0E-3225B16F34F4}.Release|x64.ActiveCfg = Release|Any CPU
		{C8F6F690-251A-45A0-8A0E-3225B16F34F4}.Release|x64.Build.0 = Release|Any CPU
		{C8F6F690-251A-45A0-8A0E-3225B16F34F4}.Release|x86.ActiveCfg = Release|Any CPU
		{C8F6F690-251A-45A0-8A0E-3225B16F34F4}.Release|x86.Build.0 = Release|Any CPU
		{EA183FA4-2CA1-429E-A78F-D87C362FE7C6}.Debug|Any CPU.ActiveCfg = Debug|Any CPU
		{EA183FA4-2CA1-429E-A78F-D87C362FE7C6}.Debug|Any CPU.Build.0 = Debug|Any CPU
		{EA183FA4-2CA1-429E-A78F-D87C362FE7C6}.Debug|x64.ActiveCfg = Debug|Any CPU
		{EA183FA4-2CA1-429E-A78F-D87C362FE7C6}.Debug|x64.Build.0 = Debug|Any CPU
		{EA183FA4-2CA1-429E-A78F-D87C362FE7C6}.Debug|x86.ActiveCfg = Debug|Any CPU
		{EA183FA4-2CA1-429E-A78F-D87C362FE7C6}.Debug|x86.Build.0 = Debug|Any CPU
		{EA183FA4-2CA1-429E-A78F-D87C362FE7C6}.Release|Any CPU.ActiveCfg = Release|Any CPU
		{EA183FA4-2CA1-429E-A78F-D87C362FE7C6}.Release|Any CPU.Build.0 = Release|Any CPU
		{EA183FA4-2CA1-429E-A78F-D87C362FE7C6}.Release|x64.ActiveCfg = Release|Any CPU
		{EA183FA4-2CA1-429E-A78F-D87C362FE7C6}.Release|x64.Build.0 = Release|Any CPU
		{EA183FA4-2CA1-429E-A78F-D87C362FE7C6}.Release|x86.ActiveCfg = Release|Any CPU
		{EA183FA4-2CA1-429E-A78F-D87C362FE7C6}.Release|x86.Build.0 = Release|Any CPU
		{0B8AE884-CE80-40B3-9957-DEED5B5EE106}.Debug|Any CPU.ActiveCfg = Debug|Any CPU
		{0B8AE884-CE80-40B3-9957-DEED5B5EE106}.Debug|Any CPU.Build.0 = Debug|Any CPU
		{0B8AE884-CE80-40B3-9957-DEED5B5EE106}.Debug|x64.ActiveCfg = Debug|Any CPU
		{0B8AE884-CE80-40B3-9957-DEED5B5EE106}.Debug|x64.Build.0 = Debug|Any CPU
		{0B8AE884-CE80-40B3-9957-DEED5B5EE106}.Debug|x86.ActiveCfg = Debug|Any CPU
		{0B8AE884-CE80-40B3-9957-DEED5B5EE106}.Debug|x86.Build.0 = Debug|Any CPU
		{0B8AE884-CE80-40B3-9957-DEED5B5EE106}.Release|Any CPU.ActiveCfg = Release|Any CPU
		{0B8AE884-CE80-40B3-9957-DEED5B5EE106}.Release|Any CPU.Build.0 = Release|Any CPU
		{0B8AE884-CE80-40B3-9957-DEED5B5EE106}.Release|x64.ActiveCfg = Release|Any CPU
		{0B8AE884-CE80-40B3-9957-DEED5B5EE106}.Release|x64.Build.0 = Release|Any CPU
		{0B8AE884-CE80-40B3-9957-DEED5B5EE106}.Release|x86.ActiveCfg = Release|Any CPU
		{0B8AE884-CE80-40B3-9957-DEED5B5EE106}.Release|x86.Build.0 = Release|Any CPU
	EndGlobalSection
	GlobalSection(SolutionProperties) = preSolution
		HideSolutionNode = FALSE
	EndGlobalSection
	GlobalSection(NestedProjects) = preSolution
		{EC447DCF-ABFA-6E24-52A5-D7FD48A5C558} = {827E0CD3-B72D-47B6-A68D-7590B98EB39B}
		{A8ADC900-46D5-EF7A-14D7-87DF405217BF} = {EC447DCF-ABFA-6E24-52A5-D7FD48A5C558}
		{648CAF81-9EB6-4B70-A4E5-69BFF6B077E7} = {A8ADC900-46D5-EF7A-14D7-87DF405217BF}
		{5147943D-4345-41A7-86BB-9F809A69E0C5} = {A8ADC900-46D5-EF7A-14D7-87DF405217BF}
		{E4CE1C89-2700-48A5-A251-6468BFCD048F} = {A8ADC900-46D5-EF7A-14D7-87DF405217BF}
		{63AFB7C0-349D-4C90-8242-66F86983D976} = {A8ADC900-46D5-EF7A-14D7-87DF405217BF}
		{34DA1ADA-0EB9-3932-CD3C-7A1D53F770F1} = {EC447DCF-ABFA-6E24-52A5-D7FD48A5C558}
		{9520D583-EE02-4934-82B6-60CF297FD83B} = {34DA1ADA-0EB9-3932-CD3C-7A1D53F770F1}
		{47EB5AE8-D716-447C-8016-D36818C08180} = {34DA1ADA-0EB9-3932-CD3C-7A1D53F770F1}
		{4F8316E5-9292-43A7-BDEA-A9C2E06EF912} = {34DA1ADA-0EB9-3932-CD3C-7A1D53F770F1}
		{D2575ACB-2006-4DAA-AE7C-89431945BB91} = {34DA1ADA-0EB9-3932-CD3C-7A1D53F770F1}
		{2C821288-5B9D-778E-74EE-053FE87F223E} = {EC447DCF-ABFA-6E24-52A5-D7FD48A5C558}
		{5C711673-57DD-4372-9C31-122206E8CDF0} = {2C821288-5B9D-778E-74EE-053FE87F223E}
		{817E83C1-754F-4007-AC75-363A57A0ABA2} = {2C821288-5B9D-778E-74EE-053FE87F223E}
		{33F62B6E-8A3B-464F-9982-84DFAC3D59E7} = {2C821288-5B9D-778E-74EE-053FE87F223E}
		{171FBD5E-5828-438F-8070-617013CB9F72} = {2C821288-5B9D-778E-74EE-053FE87F223E}
		{02539813-8C53-8640-B1D8-EB7EED272C7A} = {EC447DCF-ABFA-6E24-52A5-D7FD48A5C558}
		{B8E3B8E9-6696-4C43-8FE0-2E3692C3F70D} = {02539813-8C53-8640-B1D8-EB7EED272C7A}
		{D14161E7-6496-4136-A781-68B4D6083E37} = {02539813-8C53-8640-B1D8-EB7EED272C7A}
		{DD50D7F0-C04D-43E1-AA29-2D26BE3EE368} = {02539813-8C53-8640-B1D8-EB7EED272C7A}
		{23AC48D2-0B5A-4460-B7EE-6D7776BBE8C1} = {02539813-8C53-8640-B1D8-EB7EED272C7A}
		{EA0C4DD4-BF7C-7CCF-E624-97E0B7F67D24} = {EC447DCF-ABFA-6E24-52A5-D7FD48A5C558}
		{15E63730-B5D9-4DBA-B7E1-819145F76A21} = {EA0C4DD4-BF7C-7CCF-E624-97E0B7F67D24}
		{76F6C716-82E9-4DBE-BB17-289211BADE18} = {EA0C4DD4-BF7C-7CCF-E624-97E0B7F67D24}
		{3A164BE3-0EE6-4C7E-9B01-FBDB0354D699} = {EA0C4DD4-BF7C-7CCF-E624-97E0B7F67D24}
		{5A7E58C7-00D0-4E95-937C-1CDAE5AA69C1} = {EA0C4DD4-BF7C-7CCF-E624-97E0B7F67D24}
		{4F8133DB-A301-0A1E-3DDE-929E67CC9B96} = {EC447DCF-ABFA-6E24-52A5-D7FD48A5C558}
		{6F9280D8-B2F9-4CA0-B40A-917369B7AE26} = {4F8133DB-A301-0A1E-3DDE-929E67CC9B96}
		{9137EEEB-0076-4A47-BA6E-2A3598F1C170} = {4F8133DB-A301-0A1E-3DDE-929E67CC9B96}
		{97BC1D10-AD12-40E7-BDA9-B38AD1893F54} = {827E0CD3-B72D-47B6-A68D-7590B98EB39B}
		{6CC94960-D39B-4FD8-A549-D59D885CF91B} = {827E0CD3-B72D-47B6-A68D-7590B98EB39B}
		{483563FF-C133-49DE-B35A-50A7B9D8E04B} = {827E0CD3-B72D-47B6-A68D-7590B98EB39B}
		{2B61869F-D864-4E36-B6C8-1CF59C600783} = {0AB3BF05-4346-4AA6-1389-037BE0695223}
		{812A0351-ED59-4DDD-A238-51042DB6D9F6} = {0AB3BF05-4346-4AA6-1389-037BE0695223}
		{F9913356-A8BC-4158-AB0E-BE2FCCC5FB68} = {0AB3BF05-4346-4AA6-1389-037BE0695223}
		{922A475D-4A88-4D2F-8582-91000D9984BC} = {0AB3BF05-4346-4AA6-1389-037BE0695223}
		{427EF66D-FC25-49DA-8C58-CFB88E0D0240} = {0AB3BF05-4346-4AA6-1389-037BE0695223}
		{2809700A-1FE1-456E-8C42-60E858F2C928} = {0AB3BF05-4346-4AA6-1389-037BE0695223}
		{140545F8-F57C-4D5A-AA7D-AAACA9AE6DAE} = {0AB3BF05-4346-4AA6-1389-037BE0695223}
		{D686BA8C-1110-43BB-83BF-8D1FD50A8CCE} = {0AB3BF05-4346-4AA6-1389-037BE0695223}
		{B7B2AA4E-0332-465D-891A-4E17FF80250A} = {0AB3BF05-4346-4AA6-1389-037BE0695223}
		{C8F6F690-251A-45A0-8A0E-3225B16F34F4} = {0AB3BF05-4346-4AA6-1389-037BE0695223}
		{EA183FA4-2CA1-429E-A78F-D87C362FE7C6} = {0AB3BF05-4346-4AA6-1389-037BE0695223}
		{0B8AE884-CE80-40B3-9957-DEED5B5EE106} = {0AB3BF05-4346-4AA6-1389-037BE0695223}
	EndGlobalSection
EndGlobal
